Microsoft Visual Studio Solution File, Format Version 12.00
# Visual Studio Version 17
VisualStudioVersion = 17.5.2.0
MinimumVisualStudioVersion = 10.0.40219.1
Project("{FAE04EC0-301F-11D3-BF4B-00C04F79EFBC}") = "FundamentalsLab.Api", "FundamentalsLab.Api\FundamentalsLab.Api.csproj", "{4EFFD3F8-8125-1EC4-FEC3-999386145BB1}"
EndProject
Project("{FAE04EC0-301F-11D3-BF4B-00C04F79EFBC}") = "FundamentalsLab.SignalRClient", "FundamentalsLab.SignalRClient\FundamentalsLab.SignalRClient.csproj", "{8B582BCE-300E-6019-44B4-38744F14E170}"
EndProject
Project("{FAE04EC0-301F-11D3-BF4B-00C04F79EFBC}") = "FundamentalsLab.SignalRServer", "FundamentalsLab.SignalRServer\FundamentalsLab.SignalRServer.csproj", "{33EB2D56-B918-30EC-30A8-64E64689FEBF}"
EndProject
Global
	GlobalSection(SolutionConfigurationPlatforms) = preSolution
		Debug|Any CPU = Debug|Any CPU
		Release|Any CPU = Release|Any CPU
	EndGlobalSection
	GlobalSection(ProjectConfigurationPlatforms) = postSolution
		{4EFFD3F8-8125-1EC4-FEC3-999386145BB1}.Debug|Any CPU.ActiveCfg = Debug|Any CPU
		{4EFFD3F8-8125-1EC4-FEC3-999386145BB1}.Debug|Any CPU.Build.0 = Debug|Any CPU
		{4EFFD3F8-8125-1EC4-FEC3-999386145BB1}.Release|Any CPU.ActiveCfg = Release|Any CPU
		{4EFFD3F8-8125-1EC4-FEC3-999386145BB1}.Release|Any CPU.Build.0 = Release|Any CPU
		{8B582BCE-300E-6019-44B4-38744F14E170}.Debug|Any CPU.ActiveCfg = Debug|Any CPU
		{8B582BCE-300E-6019-44B4-38744F14E170}.Debug|Any CPU.Build.0 = Debug|Any CPU
		{8B582BCE-300E-6019-44B4-38744F14E170}.Release|Any CPU.ActiveCfg = Release|Any CPU
		{8B582BCE-300E-6019-44B4-38744F14E170}.Release|Any CPU.Build.0 = Release|Any CPU
		{33EB2D56-B918-30EC-30A8-64E64689FEBF}.Debug|Any CPU.ActiveCfg = Debug|Any CPU
		{33EB2D56-B918-30EC-30A8-64E64689FEBF}.Debug|Any CPU.Build.0 = Debug|Any CPU
		{33EB2D56-B918-30EC-30A8-64E64689FEBF}.Release|Any CPU.ActiveCfg = Release|Any CPU
		{33EB2D56-B918-30EC-30A8-64E64689FEBF}.Release|Any CPU.Build.0 = Release|Any CPU
	EndGlobalSection
	GlobalSection(SolutionProperties) = preSolution
		HideSolutionNode = FALSE
	EndGlobalSection
	GlobalSection(ExtensibilityGlobals) = postSolution
		SolutionGuid = {AEB7D2C9-858A-44FC-9CF9-A015335AC23F}
	EndGlobalSection
EndGlobal
